
Microsoft Visual Studio Solution File, Format Version 12.00
# Visual Studio Version 17
VisualStudioVersion = 17.11.35208.52
MinimumVisualStudioVersion = 10.0.40219.1
Project("{FAE04EC0-301F-11D3-BF4B-00C04F79EFBC}") = "Assignment02_ThanhDC", "Assignment02_ThanhDC\Assignment02_ThanhDC.csproj", "{807888C6-BC81-455B-84B0-431FB154C14D}"
EndProject
Project("{FAE04EC0-301F-11D3-BF4B-00C04F79EFBC}") = "BusinessObjects", "BusinessObjects\BusinessObjects.csproj", "{AB70D613-0FCC-42DC-A43B-B1B5EAA5B493}"
EndProject
Project("{FAE04EC0-301F-11D3-BF4B-00C04F79EFBC}") = "DAOs", "DAOs\DAOs.csproj", "{8E6E111D-3BE3-4653-89C1-6FBCC87DD57C}"
EndProject
Project("{FAE04EC0-301F-11D3-BF4B-00C04F79EFBC}") = "Repositories", "Repositories\Repositories.csproj", "{7034FF26-B686-4767-A81C-5685FFA096C5}"
EndProject
Project("{FAE04EC0-301F-11D3-BF4B-00C04F79EFBC}") = "Services", "Services\Services.csproj", "{98D52AF4-B5E7-4B7D-96AE-CA0A660904BE}"
EndProject
Global
	GlobalSection(SolutionConfigurationPlatforms) = preSolution
		Debug|Any CPU = Debug|Any CPU
		Release|Any CPU = Release|Any CPU
	EndGlobalSection
	GlobalSection(ProjectConfigurationPlatforms) = postSolution
		{807888C6-BC81-455B-84B0-431FB154C14D}.Debug|Any CPU.ActiveCfg = Debug|Any CPU
		{807888C6-BC81-455B-84B0-431FB154C14D}.Debug|Any CPU.Build.0 = Debug|Any CPU
		{807888C6-BC81-455B-84B0-431FB154C14D}.Release|Any CPU.ActiveCfg = Release|Any CPU
		{807888C6-BC81-455B-84B0-431FB154C14D}.Release|Any CPU.Build.0 = Release|Any CPU
		{AB70D613-0FCC-42DC-A43B-B1B5EAA5B493}.Debug|Any CPU.ActiveCfg = Debug|Any CPU
		{AB70D613-0FCC-42DC-A43B-B1B5EAA5B493}.Debug|Any CPU.Build.0 = Debug|Any CPU
		{AB70D613-0FCC-42DC-A43B-B1B5EAA5B493}.Release|Any CPU.ActiveCfg = Release|Any CPU
		{AB70D613-0FCC-42DC-A43B-B1B5EAA5B493}.Release|Any CPU.Build.0 = Release|Any CPU
		{8E6E111D-3BE3-4653-89C1-6FBCC87DD57C}.Debug|Any CPU.ActiveCfg = Debug|Any CPU
		{8E6E111D-3BE3-4653-89C1-6FBCC87DD57C}.Debug|Any CPU.Build.0 = Debug|Any CPU
		{8E6E111D-3BE3-4653-89C1-6FBCC87DD57C}.Release|Any CPU.ActiveCfg = Release|Any CPU
		{8E6E111D-3BE3-4653-89C1-6FBCC87DD57C}.Release|Any CPU.Build.0 = Release|Any CPU
		{7034FF26-B686-4767-A81C-5685FFA096C5}.Debug|Any CPU.ActiveCfg = Debug|Any CPU
		{7034FF26-B686-4767-A81C-5685FFA096C5}.Debug|Any CPU.Build.0 = Debug|Any CPU
		{7034FF26-B686-4767-A81C-5685FFA096C5}.Release|Any CPU.ActiveCfg = Release|Any CPU
		{7034FF26-B686-4767-A81C-5685FFA096C5}.Release|Any CPU.Build.0 = Release|Any CPU
		{98D52AF4-B5E7-4B7D-96AE-CA0A660904BE}.Debug|Any CPU.ActiveCfg = Debug|Any CPU
		{98D52AF4-B5E7-4B7D-96AE-CA0A660904BE}.Debug|Any CPU.Build.0 = Debug|Any CPU
		{98D52AF4-B5E7-4B7D-96AE-CA0A660904BE}.Release|Any CPU.ActiveCfg = Release|Any CPU
		{98D52AF4-B5E7-4B7D-96AE-CA0A660904BE}.Release|Any CPU.Build.0 = Release|Any CPU
	EndGlobalSection
	GlobalSection(SolutionProperties) = preSolution
		HideSolutionNode = FALSE
	EndGlobalSection
	GlobalSection(ExtensibilityGlobals) = postSolution
		SolutionGuid = {342ED971-3B25-411C-B990-9ACE8EC6BD25}
	EndGlobalSection
EndGlobal
